
Microsoft Visual Studio Solution File, Format Version 12.00
# Visual Studio 15
VisualStudioVersion = 15.0.27004.2010
MinimumVisualStudioVersion = 10.0.40219.1
Project("{FAE04EC0-301F-11D3-BF4B-00C04F79EFBC}") = "GAtec.Northwind.Business", "GAtec.Northwind.Business\GAtec.Northwind.Business.csproj", "{253823BF-1480-4EFD-8628-83A6D38CD898}"
EndProject
Project("{FAE04EC0-301F-11D3-BF4B-00C04F79EFBC}") = "GAtec.Northwind.Data", "GAtec.Northwind.Data\GAtec.Northwind.Data.csproj", "{B7DE61A4-4D5A-4885-BFB4-E1A4852D67BF}"
EndProject
Project("{FAE04EC0-301F-11D3-BF4B-00C04F79EFBC}") = "GAtec.Northwind.Domain", "GAtec.Northwind.Domain\GAtec.Northwind.Domain.csproj", "{0FB73B8C-5017-4F38-9CF2-931DA1284B14}"
EndProject
Project("{FAE04EC0-301F-11D3-BF4B-00C04F79EFBC}") = "GAtec.Northwind.ConsoleApp", "GAtec.Northwind.ConsoleApp\GAtec.Northwind.ConsoleApp.csproj", "{EFDC0898-8E8F-4872-AA8B-BB011F44B45A}"
EndProject
Project("{FAE04EC0-301F-11D3-BF4B-00C04F79EFBC}") = "Gatec.Northwind.Util", "Gatec.Northwind.Util\Gatec.Northwind.Util.csproj", "{36A98B2D-BB8D-442F-A1A9-219BA483F9A5}"
EndProject
Global
	GlobalSection(SolutionConfigurationPlatforms) = preSolution
		Debug|Any CPU = Debug|Any CPU
		Release|Any CPU = Release|Any CPU
	EndGlobalSection
	GlobalSection(ProjectConfigurationPlatforms) = postSolution
		{253823BF-1480-4EFD-8628-83A6D38CD898}.Debug|Any CPU.ActiveCfg = Debug|Any CPU
		{253823BF-1480-4EFD-8628-83A6D38CD898}.Debug|Any CPU.Build.0 = Debug|Any CPU
		{253823BF-1480-4EFD-8628-83A6D38CD898}.Release|Any CPU.ActiveCfg = Release|Any CPU
		{253823BF-1480-4EFD-8628-83A6D38CD898}.Release|Any CPU.Build.0 = Release|Any CPU
		{B7DE61A4-4D5A-4885-BFB4-E1A4852D67BF}.Debug|Any CPU.ActiveCfg = Debug|Any CPU
		{B7DE61A4-4D5A-4885-BFB4-E1A4852D67BF}.Debug|Any CPU.Build.0 = Debug|Any CPU
		{B7DE61A4-4D5A-4885-BFB4-E1A4852D67BF}.Release|Any CPU.ActiveCfg = Release|Any CPU
		{B7DE61A4-4D5A-4885-BFB4-E1A4852D67BF}.Release|Any CPU.Build.0 = Release|Any CPU
		{0FB73B8C-5017-4F38-9CF2-931DA1284B14}.Debug|Any CPU.ActiveCfg = Debug|Any CPU
		{0FB73B8C-5017-4F38-9CF2-931DA1284B14}.Debug|Any CPU.Build.0 = Debug|Any CPU
		{0FB73B8C-5017-4F38-9CF2-931DA1284B14}.Release|Any CPU.ActiveCfg = Release|Any CPU
		{0FB73B8C-5017-4F38-9CF2-931DA1284B14}.Release|Any CPU.Build.0 = Release|Any CPU
		{EFDC0898-8E8F-4872-AA8B-BB011F44B45A}.Debug|Any CPU.ActiveCfg = Debug|Any CPU
		{EFDC0898-8E8F-4872-AA8B-BB011F44B45A}.Debug|Any CPU.Build.0 = Debug|Any CPU
		{EFDC0898-8E8F-4872-AA8B-BB011F44B45A}.Release|Any CPU.ActiveCfg = Release|Any CPU
		{EFDC0898-8E8F-4872-AA8B-BB011F44B45A}.Release|Any CPU.Build.0 = Release|Any CPU
		{36A98B2D-BB8D-442F-A1A9-219BA483F9A5}.Debug|Any CPU.ActiveCfg = Debug|Any CPU
		{36A98B2D-BB8D-442F-A1A9-219BA483F9A5}.Debug|Any CPU.Build.0 = Debug|Any CPU
		{36A98B2D-BB8D-442F-A1A9-219BA483F9A5}.Release|Any CPU.ActiveCfg = Release|Any CPU
		{36A98B2D-BB8D-442F-A1A9-219BA483F9A5}.Release|Any CPU.Build.0 = Release|Any CPU
	EndGlobalSection
	GlobalSection(SolutionProperties) = preSolution
		HideSolutionNode = FALSE
	EndGlobalSection
	GlobalSection(ExtensibilityGlobals) = postSolution
		SolutionGuid = {87795A28-C98C-4193-ACF7-64C450C15685}
	EndGlobalSection
EndGlobal
